// !$*UTF8*$!
{
	archiveVersion = 1;
	classes = {
	};
	objectVersion = 46;
	objects = {

/* Begin PBXBuildFile section */
		1F0257FA08513593009B864E /* MPWConstraintVariable.h in Headers */ = {isa = PBXBuildFile; fileRef = 1F0257F808513593009B864E /* MPWConstraintVariable.h */; };
		1F0259320851365B009B864E /* MPWFoundation.framework in Frameworks */ = {isa = PBXBuildFile; fileRef = 1F0259310851365B009B864E /* MPWFoundation.framework */; };
		1F02596508513686009B864E /* Foundation.framework in Frameworks */ = {isa = PBXBuildFile; fileRef = 1F02596408513686009B864E /* Foundation.framework */; };
		1F02597A0851392A009B864E /* MPWConstraintSet.h in Headers */ = {isa = PBXBuildFile; fileRef = 1F0259780851392A009B864E /* MPWConstraintSet.h */; };
		1F427BC308550B40006D9616 /* MPWConstraintFormula.h in Headers */ = {isa = PBXBuildFile; fileRef = 1F427BC108550B40006D9616 /* MPWConstraintFormula.h */; };
		1F5243AB19501D7600BE7469 /* ObjectiveSmalltalk.framework in Frameworks */ = {isa = PBXBuildFile; fileRef = 1F5243AA19501D7600BE7469 /* ObjectiveSmalltalk.framework */; };
		1F58841A1EA8DA9100074A1D /* DeltaBlueTemperatureConverterTests.h in Headers */ = {isa = PBXBuildFile; fileRef = 1F5884181EA8DA9100074A1D /* DeltaBlueTemperatureConverterTests.h */; };
		1F58841B1EA8DA9100074A1D /* DeltaBlueTemperatureConverterTests.m in Sources */ = {isa = PBXBuildFile; fileRef = 1F5884191EA8DA9100074A1D /* DeltaBlueTemperatureConverterTests.m */; };
		1F67F89D19AF4147000D3BC1 /* DBSolver+Bindings.h in Headers */ = {isa = PBXBuildFile; fileRef = 1F67F89B19AF4147000D3BC1 /* DBSolver+Bindings.h */; };
		1F67F89E19AF4147000D3BC1 /* DBSolver+Bindings.m in Sources */ = {isa = PBXBuildFile; fileRef = 1F67F89C19AF4147000D3BC1 /* DBSolver+Bindings.m */; };
		1F73B7F6199BB6700065F690 /* Constraints.m in Sources */ = {isa = PBXBuildFile; fileRef = 1F73B7F2199BB6700065F690 /* Constraints.m */; };
		1F73B7F8199BB6700065F690 /* List.m in Sources */ = {isa = PBXBuildFile; fileRef = 1F73B7F4199BB6700065F690 /* List.m */; };
		1F73B7F9199BB6700065F690 /* UsefulConstraints.m in Sources */ = {isa = PBXBuildFile; fileRef = 1F73B7F5199BB6700065F690 /* UsefulConstraints.m */; };
		1F73B7FC199BB79D0065F690 /* DeltaBlueTests.h in Headers */ = {isa = PBXBuildFile; fileRef = 1F73B7FA199BB79D0065F690 /* DeltaBlueTests.h */; };
		1F73B7FD199BB79D0065F690 /* DeltaBlueTests.m in Sources */ = {isa = PBXBuildFile; fileRef = 1F73B7FB199BB79D0065F690 /* DeltaBlueTests.m */; };
		1F73B802199BBAF00065F690 /* Constraints.h in Headers */ = {isa = PBXBuildFile; fileRef = 1F73B7FE199BBAF00065F690 /* Constraints.h */; };
		1F73B803199BBAF00065F690 /* DeltaBlue.h in Headers */ = {isa = PBXBuildFile; fileRef = 1F73B7FF199BBAF00065F690 /* DeltaBlue.h */; };
		1F73B804199BBAF00065F690 /* List.h in Headers */ = {isa = PBXBuildFile; fileRef = 1F73B800199BBAF00065F690 /* List.h */; };
		1F73B805199BBAF00065F690 /* UsefulConstraints.h in Headers */ = {isa = PBXBuildFile; fileRef = 1F73B801199BBAF00065F690 /* UsefulConstraints.h */; };
		1F73B808199BE1D40065F690 /* DBVariable.h in Headers */ = {isa = PBXBuildFile; fileRef = 1F73B806199BE1D40065F690 /* DBVariable.h */; };
		1F73B809199BE1D40065F690 /* DBVariable.m in Sources */ = {isa = PBXBuildFile; fileRef = 1F73B807199BE1D40065F690 /* DBVariable.m */; };
		1F73B80C199BE5EF0065F690 /* DBConstraint.h in Headers */ = {isa = PBXBuildFile; fileRef = 1F73B80A199BE5EF0065F690 /* DBConstraint.h */; };
		1F73B80D199BE5EF0065F690 /* DBConstraint.m in Sources */ = {isa = PBXBuildFile; fileRef = 1F73B80B199BE5EF0065F690 /* DBConstraint.m */; };
		1F73B810199C0C580065F690 /* DBSolver.h in Headers */ = {isa = PBXBuildFile; fileRef = 1F73B80E199C0C580065F690 /* DBSolver.h */; settings = {ATTRIBUTES = (Public, ); }; };
		1F73B811199C0C580065F690 /* DBSolver.m in Sources */ = {isa = PBXBuildFile; fileRef = 1F73B80F199C0C580065F690 /* DBSolver.m */; };
		1FF8EB4B0854A580006606C2 /* MPWSimpleConstraintSolver.h in Headers */ = {isa = PBXBuildFile; fileRef = 1FF8EB490854A580006606C2 /* MPWSimpleConstraintSolver.h */; };
		1FFC563E1B1C693800BE3884 /* MPWDataflowConstraintExpression+SolverIntegration.h in Headers */ = {isa = PBXBuildFile; fileRef = 1FFC563C1B1C693800BE3884 /* MPWDataflowConstraintExpression+SolverIntegration.h */; };
		1FFC563F1B1C693800BE3884 /* MPWDataflowConstraintExpression+SolverIntegration.m in Sources */ = {isa = PBXBuildFile; fileRef = 1FFC563D1B1C693800BE3884 /* MPWDataflowConstraintExpression+SolverIntegration.m */; };
		8DC2EF530486A6940098B216 /* InfoPlist.strings in Resources */ = {isa = PBXBuildFile; fileRef = 089C1666FE841158C02AAC07 /* InfoPlist.strings */; };
/* End PBXBuildFile section */

/* Begin PBXFileReference section */
		089C1667FE841158C02AAC07 /* English */ = {isa = PBXFileReference; fileEncoding = 10; lastKnownFileType = text.plist.strings; name = English; path = English.lproj/InfoPlist.strings; sourceTree = "<group>"; };
		1F0257F808513593009B864E /* MPWConstraintVariable.h */ = {isa = PBXFileReference; fileEncoding = 4; lastKnownFileType = sourcecode.c.h; path = MPWConstraintVariable.h; sourceTree = "<group>"; };
		1F0257F908513593009B864E /* MPWConstraintVariable.m */ = {isa = PBXFileReference; fileEncoding = 4; lastKnownFileType = sourcecode.c.objc; path = MPWConstraintVariable.m; sourceTree = "<group>"; };
		1F0259310851365B009B864E /* MPWFoundation.framework */ = {isa = PBXFileReference; lastKnownFileType = wrapper.framework; path = MPWFoundation.framework; sourceTree = BUILT_PRODUCTS_DIR; };
		1F02596408513686009B864E /* Foundation.framework */ = {isa = PBXFileReference; lastKnownFileType = wrapper.framework; name = Foundation.framework; path = /System/Library/Frameworks/Foundation.framework; sourceTree = "<absolute>"; };
		1F0259780851392A009B864E /* MPWConstraintSet.h */ = {isa = PBXFileReference; fileEncoding = 4; lastKnownFileType = sourcecode.c.h; path = MPWConstraintSet.h; sourceTree = "<group>"; };
		1F0259790851392A009B864E /* MPWConstraintSet.m */ = {isa = PBXFileReference; fileEncoding = 4; lastKnownFileType = sourcecode.c.objc; path = MPWConstraintSet.m; sourceTree = "<group>"; };
		1F0348D2092E0BA00005C5FD /* Info.plist */ = {isa = PBXFileReference; fileEncoding = 30; lastKnownFileType = text.plist.xml; path = Info.plist; sourceTree = "<group>"; };
		1F427BC108550B40006D9616 /* MPWConstraintFormula.h */ = {isa = PBXFileReference; fileEncoding = 4; lastKnownFileType = sourcecode.c.h; path = MPWConstraintFormula.h; sourceTree = "<group>"; };
		1F427BC208550B40006D9616 /* MPWConstraintFormula.m */ = {isa = PBXFileReference; fileEncoding = 4; lastKnownFileType = sourcecode.c.objc; path = MPWConstraintFormula.m; sourceTree = "<group>"; };
		1F5243AA19501D7600BE7469 /* ObjectiveSmalltalk.framework */ = {isa = PBXFileReference; lastKnownFileType = wrapper.framework; name = ObjectiveSmalltalk.framework; path = ../../Build/Release/ObjectiveSmalltalk.framework; sourceTree = "<group>"; };
		1F5884181EA8DA9100074A1D /* DeltaBlueTemperatureConverterTests.h */ = {isa = PBXFileReference; fileEncoding = 4; lastKnownFileType = sourcecode.c.h; path = DeltaBlueTemperatureConverterTests.h; sourceTree = "<group>"; };
		1F5884191EA8DA9100074A1D /* DeltaBlueTemperatureConverterTests.m */ = {isa = PBXFileReference; fileEncoding = 4; lastKnownFileType = sourcecode.c.objc; path = DeltaBlueTemperatureConverterTests.m; sourceTree = "<group>"; };
		1F67F89B19AF4147000D3BC1 /* DBSolver+Bindings.h */ = {isa = PBXFileReference; fileEncoding = 4; lastKnownFileType = sourcecode.c.h; path = "DBSolver+Bindings.h"; sourceTree = "<group>"; };
		1F67F89C19AF4147000D3BC1 /* DBSolver+Bindings.m */ = {isa = PBXFileReference; fileEncoding = 4; lastKnownFileType = sourcecode.c.objc; path = "DBSolver+Bindings.m"; sourceTree = "<group>"; };
		1F73B7F2199BB6700065F690 /* Constraints.m */ = {isa = PBXFileReference; fileEncoding = 4; lastKnownFileType = sourcecode.c.objc; path = Constraints.m; sourceTree = "<group>"; };
		1F73B7F4199BB6700065F690 /* List.m */ = {isa = PBXFileReference; fileEncoding = 4; lastKnownFileType = sourcecode.c.objc; path = List.m; sourceTree = "<group>"; };
		1F73B7F5199BB6700065F690 /* UsefulConstraints.m */ = {isa = PBXFileReference; fileEncoding = 4; lastKnownFileType = sourcecode.c.objc; path = UsefulConstraints.m; sourceTree = "<group>"; };
		1F73B7FA199BB79D0065F690 /* DeltaBlueTests.h */ = {isa = PBXFileReference; fileEncoding = 4; lastKnownFileType = sourcecode.c.h; path = DeltaBlueTests.h; sourceTree = "<group>"; };
		1F73B7FB199BB79D0065F690 /* DeltaBlueTests.m */ = {isa = PBXFileReference; fileEncoding = 4; lastKnownFileType = sourcecode.c.objc; path = DeltaBlueTests.m; sourceTree = "<group>"; };
		1F73B7FE199BBAF00065F690 /* Constraints.h */ = {isa = PBXFileReference; fileEncoding = 4; lastKnownFileType = sourcecode.c.h; path = Constraints.h; sourceTree = "<group>"; };
		1F73B7FF199BBAF00065F690 /* DeltaBlue.h */ = {isa = PBXFileReference; fileEncoding = 4; lastKnownFileType = sourcecode.c.h; path = DeltaBlue.h; sourceTree = "<group>"; };
		1F73B800199BBAF00065F690 /* List.h */ = {isa = PBXFileReference; fileEncoding = 4; lastKnownFileType = sourcecode.c.h; path = List.h; sourceTree = "<group>"; };
		1F73B801199BBAF00065F690 /* UsefulConstraints.h */ = {isa = PBXFileReference; fileEncoding = 4; lastKnownFileType = sourcecode.c.h; path = UsefulConstraints.h; sourceTree = "<group>"; };
		1F73B806199BE1D40065F690 /* DBVariable.h */ = {isa = PBXFileReference; fileEncoding = 4; lastKnownFileType = sourcecode.c.h; path = DBVariable.h; sourceTree = "<group>"; };
		1F73B807199BE1D40065F690 /* DBVariable.m */ = {isa = PBXFileReference; fileEncoding = 4; lastKnownFileType = sourcecode.c.objc; path = DBVariable.m; sourceTree = "<group>"; };
		1F73B80A199BE5EF0065F690 /* DBConstraint.h */ = {isa = PBXFileReference; fileEncoding = 4; lastKnownFileType = sourcecode.c.h; path = DBConstraint.h; sourceTree = "<group>"; };
		1F73B80B199BE5EF0065F690 /* DBConstraint.m */ = {isa = PBXFileReference; fileEncoding = 4; lastKnownFileType = sourcecode.c.objc; path = DBConstraint.m; sourceTree = "<group>"; };
		1F73B80E199C0C580065F690 /* DBSolver.h */ = {isa = PBXFileReference; fileEncoding = 4; lastKnownFileType = sourcecode.c.h; path = DBSolver.h; sourceTree = "<group>"; };
		1F73B80F199C0C580065F690 /* DBSolver.m */ = {isa = PBXFileReference; fileEncoding = 4; lastKnownFileType = sourcecode.c.objc; path = DBSolver.m; sourceTree = "<group>"; };
		1FF8EB490854A580006606C2 /* MPWSimpleConstraintSolver.h */ = {isa = PBXFileReference; fileEncoding = 4; lastKnownFileType = sourcecode.c.h; path = MPWSimpleConstraintSolver.h; sourceTree = "<group>"; };
		1FF8EB4A0854A580006606C2 /* MPWSimpleConstraintSolver.m */ = {isa = PBXFileReference; fileEncoding = 4; lastKnownFileType = sourcecode.c.objc; path = MPWSimpleConstraintSolver.m; sourceTree = "<group>"; };
		1FFC563C1B1C693800BE3884 /* MPWDataflowConstraintExpression+SolverIntegration.h */ = {isa = PBXFileReference; fileEncoding = 4; lastKnownFileType = sourcecode.c.h; path = "MPWDataflowConstraintExpression+SolverIntegration.h"; sourceTree = "<group>"; };
		1FFC563D1B1C693800BE3884 /* MPWDataflowConstraintExpression+SolverIntegration.m */ = {isa = PBXFileReference; fileEncoding = 4; lastKnownFileType = sourcecode.c.objc; path = "MPWDataflowConstraintExpression+SolverIntegration.m"; sourceTree = "<group>"; };
		32DBCF5E0370ADEE00C91783 /* DeltaBlue_Prefix.pch */ = {isa = PBXFileReference; fileEncoding = 4; lastKnownFileType = sourcecode.c.h; path = DeltaBlue_Prefix.pch; sourceTree = "<group>"; };
		8DC2EF5B0486A6940098B216 /* DeltaBlue.framework */ = {isa = PBXFileReference; explicitFileType = wrapper.framework; includeInIndex = 0; path = DeltaBlue.framework; sourceTree = BUILT_PRODUCTS_DIR; };
/* End PBXFileReference section */

/* Begin PBXFrameworksBuildPhase section */
		8DC2EF560486A6940098B216 /* Frameworks */ = {
			isa = PBXFrameworksBuildPhase;
			buildActionMask = 2147483647;
			files = (
				1F5243AB19501D7600BE7469 /* ObjectiveSmalltalk.framework in Frameworks */,
				1F0259320851365B009B864E /* MPWFoundation.framework in Frameworks */,
				1F02596508513686009B864E /* Foundation.framework in Frameworks */,
			);
			runOnlyForDeploymentPostprocessing = 0;
		};
/* End PBXFrameworksBuildPhase section */

/* Begin PBXGroup section */
		034768DFFF38A50411DB9C8B /* Products */ = {
			isa = PBXGroup;
			children = (
				8DC2EF5B0486A6940098B216 /* DeltaBlue.framework */,
			);
			name = Products;
			sourceTree = "<group>";
		};
		0867D691FE84028FC02AAC07 /* DeltaBlue */ = {
			isa = PBXGroup;
			children = (
				08FB77AEFE84172EC02AAC07 /* Classes */,
				32C88DFF0371C24200C91783 /* Other Sources */,
				089C1665FE841158C02AAC07 /* Resources */,
				0867D69AFE84028FC02AAC07 /* External Frameworks and Libraries */,
				034768DFFF38A50411DB9C8B /* Products */,
			);
			name = DeltaBlue;
			sourceTree = "<group>";
		};
		0867D69AFE84028FC02AAC07 /* External Frameworks and Libraries */ = {
			isa = PBXGroup;
			children = (
				1FDD9B0B0933DC38009FB489 /* Dependencies */,
				1058C7B0FEA5585E11CA2CBB /* Linked Frameworks */,
				1058C7B2FEA5585E11CA2CBB /* Other Frameworks */,
			);
			name = "External Frameworks and Libraries";
			sourceTree = "<group>";
		};
		089C1665FE841158C02AAC07 /* Resources */ = {
			isa = PBXGroup;
			children = (
				1F0348D2092E0BA00005C5FD /* Info.plist */,
				089C1666FE841158C02AAC07 /* InfoPlist.strings */,
			);
			name = Resources;
			sourceTree = "<group>";
		};
		08FB77AEFE84172EC02AAC07 /* Classes */ = {
			isa = PBXGroup;
			children = (
				1FFC563C1B1C693800BE3884 /* MPWDataflowConstraintExpression+SolverIntegration.h */,
				1FFC563D1B1C693800BE3884 /* MPWDataflowConstraintExpression+SolverIntegration.m */,
				1F67F89B19AF4147000D3BC1 /* DBSolver+Bindings.h */,
				1F67F89C19AF4147000D3BC1 /* DBSolver+Bindings.m */,
				1F73B80E199C0C580065F690 /* DBSolver.h */,
				1F73B80F199C0C580065F690 /* DBSolver.m */,
				1F73B7FA199BB79D0065F690 /* DeltaBlueTests.h */,
				1F73B7FB199BB79D0065F690 /* DeltaBlueTests.m */,
				1F5884181EA8DA9100074A1D /* DeltaBlueTemperatureConverterTests.h */,
				1F5884191EA8DA9100074A1D /* DeltaBlueTemperatureConverterTests.m */,
				1F0257F808513593009B864E /* MPWConstraintVariable.h */,
				1F0257F908513593009B864E /* MPWConstraintVariable.m */,
				1F0259780851392A009B864E /* MPWConstraintSet.h */,
				1F0259790851392A009B864E /* MPWConstraintSet.m */,
				1FF8EB490854A580006606C2 /* MPWSimpleConstraintSolver.h */,
				1FF8EB4A0854A580006606C2 /* MPWSimpleConstraintSolver.m */,
				1F427BC108550B40006D9616 /* MPWConstraintFormula.h */,
				1F427BC208550B40006D9616 /* MPWConstraintFormula.m */,
				1F73B806199BE1D40065F690 /* DBVariable.h */,
				1F73B807199BE1D40065F690 /* DBVariable.m */,
				1F73B80A199BE5EF0065F690 /* DBConstraint.h */,
				1F73B80B199BE5EF0065F690 /* DBConstraint.m */,
			);
			name = Classes;
			sourceTree = "<group>";
		};
		1058C7B0FEA5585E11CA2CBB /* Linked Frameworks */ = {
			isa = PBXGroup;
			children = (
				1F02596408513686009B864E /* Foundation.framework */,
				1F5243AA19501D7600BE7469 /* ObjectiveSmalltalk.framework */,
				1F0259310851365B009B864E /* MPWFoundation.framework */,
			);
			name = "Linked Frameworks";
			sourceTree = "<group>";
		};
		1058C7B2FEA5585E11CA2CBB /* Other Frameworks */ = {
			isa = PBXGroup;
			children = (
			);
			name = "Other Frameworks";
			sourceTree = "<group>";
		};
		1FDD9B0B0933DC38009FB489 /* Dependencies */ = {
			isa = PBXGroup;
			children = (
			);
			name = Dependencies;
			sourceTree = "<group>";
		};
		32C88DFF0371C24200C91783 /* Other Sources */ = {
			isa = PBXGroup;
			children = (
				1F73B7FE199BBAF00065F690 /* Constraints.h */,
				1F73B7FF199BBAF00065F690 /* DeltaBlue.h */,
				1F73B801199BBAF00065F690 /* UsefulConstraints.h */,
				1F73B7F2199BB6700065F690 /* Constraints.m */,
				1F73B800199BBAF00065F690 /* List.h */,
				1F73B7F4199BB6700065F690 /* List.m */,
				1F73B7F5199BB6700065F690 /* UsefulConstraints.m */,
				32DBCF5E0370ADEE00C91783 /* DeltaBlue_Prefix.pch */,
			);
			name = "Other Sources";
			sourceTree = "<group>";
		};
/* End PBXGroup section */

/* Begin PBXHeadersBuildPhase section */
		8DC2EF500486A6940098B216 /* Headers */ = {
			isa = PBXHeadersBuildPhase;
			buildActionMask = 2147483647;
			files = (
				1F73B804199BBAF00065F690 /* List.h in Headers */,
				1F73B810199C0C580065F690 /* DBSolver.h in Headers */,
				1F67F89D19AF4147000D3BC1 /* DBSolver+Bindings.h in Headers */,
				1F0257FA08513593009B864E /* MPWConstraintVariable.h in Headers */,
				1FFC563E1B1C693800BE3884 /* MPWDataflowConstraintExpression+SolverIntegration.h in Headers */,
				1F73B802199BBAF00065F690 /* Constraints.h in Headers */,
				1F73B803199BBAF00065F690 /* DeltaBlue.h in Headers */,
				1F02597A0851392A009B864E /* MPWConstraintSet.h in Headers */,
				1F73B7FC199BB79D0065F690 /* DeltaBlueTests.h in Headers */,
				1FF8EB4B0854A580006606C2 /* MPWSimpleConstraintSolver.h in Headers */,
				1F427BC308550B40006D9616 /* MPWConstraintFormula.h in Headers */,
				1F73B808199BE1D40065F690 /* DBVariable.h in Headers */,
				1F73B805199BBAF00065F690 /* UsefulConstraints.h in Headers */,
				1F73B80C199BE5EF0065F690 /* DBConstraint.h in Headers */,
				1F58841A1EA8DA9100074A1D /* DeltaBlueTemperatureConverterTests.h in Headers */,
			);
			runOnlyForDeploymentPostprocessing = 0;
		};
/* End PBXHeadersBuildPhase section */

/* Begin PBXNativeTarget section */
		8DC2EF4F0486A6940098B216 /* DeltaBlue */ = {
			isa = PBXNativeTarget;
			buildConfigurationList = 1F427BB508550A0A006D9616 /* Build configuration list for PBXNativeTarget "DeltaBlue" */;
			buildPhases = (
				8DC2EF500486A6940098B216 /* Headers */,
				8DC2EF520486A6940098B216 /* Resources */,
				8DC2EF540486A6940098B216 /* Sources */,
				8DC2EF560486A6940098B216 /* Frameworks */,
				1F025968085136A8009B864E /* Run Tests */,
			);
			buildRules = (
			);
			dependencies = (
			);
			name = DeltaBlue;
			productInstallPath = "$(HOME)/Library/Frameworks";
			productName = DeltaBlue;
			productReference = 8DC2EF5B0486A6940098B216 /* DeltaBlue.framework */;
			productType = "com.apple.product-type.framework";
		};
/* End PBXNativeTarget section */

/* Begin PBXProject section */
		0867D690FE84028FC02AAC07 /* Project object */ = {
			isa = PBXProject;
			attributes = {
				LastUpgradeCheck = 0600;
			};
			buildConfigurationList = 1F427BB908550A0A006D9616 /* Build configuration list for PBXProject "DeltaBlue" */;
			compatibilityVersion = "Xcode 3.2";
			developmentRegion = English;
			hasScannedForEncodings = 1;
			knownRegions = (
				English,
				en,
			);
			mainGroup = 0867D691FE84028FC02AAC07 /* DeltaBlue */;
			productRefGroup = 034768DFFF38A50411DB9C8B /* Products */;
			projectDirPath = "";
			projectRoot = "";
			targets = (
				8DC2EF4F0486A6940098B216 /* DeltaBlue */,
			);
		};
/* End PBXProject section */

/* Begin PBXResourcesBuildPhase section */
		8DC2EF520486A6940098B216 /* Resources */ = {
			isa = PBXResourcesBuildPhase;
			buildActionMask = 2147483647;
			files = (
				8DC2EF530486A6940098B216 /* InfoPlist.strings in Resources */,
			);
			runOnlyForDeploymentPostprocessing = 0;
		};
/* End PBXResourcesBuildPhase section */

/* Begin PBXShellScriptBuildPhase section */
		1F025968085136A8009B864E /* Run Tests */ = {
			isa = PBXShellScriptBuildPhase;
			buildActionMask = 12;
			files = (
			);
			inputPaths = (
			);
			name = "Run Tests";
			outputPaths = (
			);
			runOnlyForDeploymentPostprocessing = 0;
			shellPath = /bin/sh;
			shellScript = "#!/bin/sh\ntester=/usr/local/bin/testlogger\nframework=${TARGET_BUILD_DIR}/${FULL_PRODUCT_NAME}\ncodesign -s - $framework/`basename $framework .framework`\n\nif  [ -f ${tester}  ]  ; then\n$tester ${framework}\nelse\necho \"projectfile:0:1: warning: $tester or  $framework  not found, tests not run\"\nfi\n";
		};
/* End PBXShellScriptBuildPhase section */

/* Begin PBXSourcesBuildPhase section */
		8DC2EF540486A6940098B216 /* Sources */ = {
			isa = PBXSourcesBuildPhase;
			buildActionMask = 2147483647;
			files = (
				1F73B7F9199BB6700065F690 /* UsefulConstraints.m in Sources */,
				1FFC563F1B1C693800BE3884 /* MPWDataflowConstraintExpression+SolverIntegration.m in Sources */,
				1F73B7FD199BB79D0065F690 /* DeltaBlueTests.m in Sources */,
				1F73B811199C0C580065F690 /* DBSolver.m in Sources */,
				1F58841B1EA8DA9100074A1D /* DeltaBlueTemperatureConverterTests.m in Sources */,
				1F73B7F6199BB6700065F690 /* Constraints.m in Sources */,
				1F67F89E19AF4147000D3BC1 /* DBSolver+Bindings.m in Sources */,
				1F73B809199BE1D40065F690 /* DBVariable.m in Sources */,
				1F73B7F8199BB6700065F690 /* List.m in Sources */,
				1F73B80D199BE5EF0065F690 /* DBConstraint.m in Sources */,
			);
			runOnlyForDeploymentPostprocessing = 0;
		};
/* End PBXSourcesBuildPhase section */

/* Begin PBXVariantGroup section */
		089C1666FE841158C02AAC07 /* InfoPlist.strings */ = {
			isa = PBXVariantGroup;
			children = (
				089C1667FE841158C02AAC07 /* English */,
			);
			name = InfoPlist.strings;
			sourceTree = "<group>";
		};
/* End PBXVariantGroup section */

/* Begin XCBuildConfiguration section */
		1F427BB608550A0A006D9616 /* Development */ = {
			isa = XCBuildConfiguration;
			buildSettings = {
				COMBINE_HIDPI_IMAGES = YES;
				COPY_PHASE_STRIP = NO;
				DYLIB_COMPATIBILITY_VERSION = 1;
				DYLIB_CURRENT_VERSION = 1;
				FRAMEWORK_SEARCH_PATHS = (
					"$(inherited)",
					/Users/marcel/programming/Build/Release,
				);
				FRAMEWORK_VERSION = A;
				GCC_DYNAMIC_NO_PIC = NO;
				GCC_ENABLE_FIX_AND_CONTINUE = YES;
				GCC_GENERATE_DEBUGGING_SYMBOLS = YES;
				GCC_MODEL_TUNING = G5;
				GCC_OPTIMIZATION_LEVEL = 0;
				GCC_PRECOMPILE_PREFIX_HEADER = YES;
				GCC_PREFIX_HEADER = DeltaBlue_Prefix.pch;
				GCC_WARN_ABOUT_RETURN_TYPE = YES;
				GCC_WARN_UNUSED_VARIABLE = YES;
				INFOPLIST_FILE = Info.plist;
				INSTALL_PATH = /Library/Frameworks;
				LIBRARY_STYLE = DYNAMIC;
				MACH_O_TYPE = mh_dylib;
				PRODUCT_NAME = DeltaBlue;
				SDKROOT = macosx;
				WRAPPER_EXTENSION = framework;
				ZERO_LINK = YES;
			};
			name = Development;
		};
		1F427BB708550A0A006D9616 /* Release */ = {
			isa = XCBuildConfiguration;
			buildSettings = {
				COMBINE_HIDPI_IMAGES = YES;
				COPY_PHASE_STRIP = YES;
				DYLIB_COMPATIBILITY_VERSION = 1;
				DYLIB_CURRENT_VERSION = 1;
				FRAMEWORK_SEARCH_PATHS = (
					"$(inherited)",
					"$(BUILT_PRODUCTS_DIR)",
				);
				FRAMEWORK_VERSION = A;
				GCC_ENABLE_FIX_AND_CONTINUE = NO;
				GCC_GENERATE_DEBUGGING_SYMBOLS = NO;
				GCC_MODEL_TUNING = G5;
				GCC_PRECOMPILE_PREFIX_HEADER = YES;
				GCC_PREFIX_HEADER = DeltaBlue_Prefix.pch;
				GCC_WARN_ABOUT_RETURN_TYPE = YES;
				GCC_WARN_UNUSED_VARIABLE = YES;
				INFOPLIST_FILE = Info.plist;
				INSTALL_PATH = /Library/Frameworks;
				LIBRARY_STYLE = DYNAMIC;
				MACH_O_TYPE = mh_dylib;
				PRODUCT_NAME = DeltaBlue;
				SDKROOT = macosx;
				WRAPPER_EXTENSION = framework;
				ZERO_LINK = NO;
			};
			name = Release;
		};
		1F427BB808550A0A006D9616 /* Default */ = {
			isa = XCBuildConfiguration;
			buildSettings = {
				COMBINE_HIDPI_IMAGES = YES;
				DYLIB_COMPATIBILITY_VERSION = 1;
				DYLIB_CURRENT_VERSION = 1;
				FRAMEWORK_SEARCH_PATHS = (
					"$(inherited)",
					/Users/marcel/programming/Build/Release,
				);
				FRAMEWORK_VERSION = A;
				GCC_GENERATE_DEBUGGING_SYMBOLS = NO;
				GCC_MODEL_TUNING = G5;
				GCC_PRECOMPILE_PREFIX_HEADER = YES;
				GCC_PREFIX_HEADER = DeltaBlue_Prefix.pch;
				GCC_WARN_ABOUT_RETURN_TYPE = YES;
				GCC_WARN_UNUSED_VARIABLE = YES;
				INFOPLIST_FILE = Info.plist;
				INSTALL_PATH = /Library/Frameworks;
				LIBRARY_STYLE = DYNAMIC;
				MACH_O_TYPE = mh_dylib;
				PRODUCT_NAME = DeltaBlue;
				SDKROOT = macosx;
				WRAPPER_EXTENSION = framework;
			};
			name = Default;
		};
		1F427BBA08550A0A006D9616 /* Development */ = {
			isa = XCBuildConfiguration;
			buildSettings = {
				MACOSX_DEPLOYMENT_TARGET = 10.14;
				SDKROOT = "$(DEVELOPER_SDK_DIR)/MacOSX10.4u.sdk";
			};
			name = Development;
		};
		1F427BBB08550A0A006D9616 /* Release */ = {
			isa = XCBuildConfiguration;
			buildSettings = {
				MACOSX_DEPLOYMENT_TARGET = 10.14;
				SDKROOT = "$(DEVELOPER_SDK_DIR)/MacOSX10.4u.sdk";
			};
			name = Release;
		};
		1F427BBC08550A0A006D9616 /* Default */ = {
			isa = XCBuildConfiguration;
			buildSettings = {
				MACOSX_DEPLOYMENT_TARGET = 10.14;
				SDKROOT = "$(DEVELOPER_SDK_DIR)/MacOSX10.4u.sdk";
			};
			name = Default;
		};
/* End XCBuildConfiguration section */

/* Begin XCConfigurationList section */
		1F427BB508550A0A006D9616 /* Build configuration list for PBXNativeTarget "DeltaBlue" */ = {
			isa = XCConfigurationList;
			buildConfigurations = (
				1F427BB608550A0A006D9616 /* Development */,
				1F427BB708550A0A006D9616 /* Release */,
				1F427BB808550A0A006D9616 /* Default */,
			);
			defaultConfigurationIsVisible = 0;
			defaultConfigurationName = Default;
		};
		1F427BB908550A0A006D9616 /* Build configuration list for PBXProject "DeltaBlue" */ = {
			isa = XCConfigurationList;
			buildConfigurations = (
				1F427BBA08550A0A006D9616 /* Development */,
				1F427BBB08550A0A006D9616 /* Release */,
				1F427BBC08550A0A006D9616 /* Default */,
			);
			defaultConfigurationIsVisible = 0;
			defaultConfigurationName = Default;
		};
/* End XCConfigurationList section */
	};
	rootObject = 0867D690FE84028FC02AAC07 /* Project object */;
}
